// !$*UTF8*$!
{
	archiveVersion = 1;
	classes = {
	};
	objectVersion = 50;
	objects = {

/* Begin PBXBuildFile section */
		527CC99B17213BBDBD6F94FA /* Pods_Triply.framework in Frameworks */ = {isa = PBXBuildFile; fileRef = 032C1BF3A06C3ED0BDE4237C /* Pods_Triply.framework */; };
		F917124120859F0000304910 /* AppDelegate.swift in Sources */ = {isa = PBXBuildFile; fileRef = F917124020859F0000304910 /* AppDelegate.swift */; };
		F917124320859F0000304910 /* ViewController.swift in Sources */ = {isa = PBXBuildFile; fileRef = F917124220859F0000304910 /* ViewController.swift */; };
		F917124620859F0000304910 /* Main.storyboard in Resources */ = {isa = PBXBuildFile; fileRef = F917124420859F0000304910 /* Main.storyboard */; };
		F917124920859F0000304910 /* Triply.xcdatamodeld in Sources */ = {isa = PBXBuildFile; fileRef = F917124720859F0000304910 /* Triply.xcdatamodeld */; };
		F917124B20859F0200304910 /* Assets.xcassets in Resources */ = {isa = PBXBuildFile; fileRef = F917124A20859F0200304910 /* Assets.xcassets */; };
		F917124E20859F0200304910 /* LaunchScreen.storyboard in Resources */ = {isa = PBXBuildFile; fileRef = F917124C20859F0200304910 /* LaunchScreen.storyboard */; };
		F91712562085A1D000304910 /* GoogleService-Info.plist in Resources */ = {isa = PBXBuildFile; fileRef = F91712552085A1CF00304910 /* GoogleService-Info.plist */; };
		F958B7E52085B1E000F01327 /* HomeViewController.swift in Sources */ = {isa = PBXBuildFile; fileRef = F958B7E42085B1E000F01327 /* HomeViewController.swift */; };
/* End PBXBuildFile section */

/* Begin PBXFileReference section */
		032C1BF3A06C3ED0BDE4237C /* Pods_Triply.framework */ = {isa = PBXFileReference; explicitFileType = wrapper.framework; includeInIndex = 0; path = Pods_Triply.framework; sourceTree = BUILT_PRODUCTS_DIR; };
		2575BFB6CD5253304D4B242C /* Pods-Triply.debug.xcconfig */ = {isa = PBXFileReference; includeInIndex = 1; lastKnownFileType = text.xcconfig; name = "Pods-Triply.debug.xcconfig"; path = "Pods/Target Support Files/Pods-Triply/Pods-Triply.debug.xcconfig"; sourceTree = "<group>"; };
		6230C5829E2D1A11926A4371 /* Pods-Triply.release.xcconfig */ = {isa = PBXFileReference; includeInIndex = 1; lastKnownFileType = text.xcconfig; name = "Pods-Triply.release.xcconfig"; path = "Pods/Target Support Files/Pods-Triply/Pods-Triply.release.xcconfig"; sourceTree = "<group>"; };
		F917123D20859F0000304910 /* Triply.app */ = {isa = PBXFileReference; explicitFileType = wrapper.application; includeInIndex = 0; path = Triply.app; sourceTree = BUILT_PRODUCTS_DIR; };
		F917124020859F0000304910 /* AppDelegate.swift */ = {isa = PBXFileReference; lastKnownFileType = sourcecode.swift; path = AppDelegate.swift; sourceTree = "<group>"; };
		F917124220859F0000304910 /* ViewController.swift */ = {isa = PBXFileReference; lastKnownFileType = sourcecode.swift; path = ViewController.swift; sourceTree = "<group>"; };
		F917124520859F0000304910 /* Base */ = {isa = PBXFileReference; lastKnownFileType = file.storyboard; name = Base; path = Base.lproj/Main.storyboard; sourceTree = "<group>"; };
		F917124820859F0000304910 /* Triply.xcdatamodel */ = {isa = PBXFileReference; lastKnownFileType = wrapper.xcdatamodel; path = Triply.xcdatamodel; sourceTree = "<group>"; };
		F917124A20859F0200304910 /* Assets.xcassets */ = {isa = PBXFileReference; lastKnownFileType = folder.assetcatalog; path = Assets.xcassets; sourceTree = "<group>"; };
		F917124D20859F0200304910 /* Base */ = {isa = PBXFileReference; lastKnownFileType = file.storyboard; name = Base; path = Base.lproj/LaunchScreen.storyboard; sourceTree = "<group>"; };
		F917124F20859F0200304910 /* Info.plist */ = {isa = PBXFileReference; lastKnownFileType = text.plist.xml; path = Info.plist; sourceTree = "<group>"; };
		F91712552085A1CF00304910 /* GoogleService-Info.plist */ = {isa = PBXFileReference; fileEncoding = 4; lastKnownFileType = text.plist.xml; name = "GoogleService-Info.plist"; path = "../../../../Downloads/GoogleService-Info.plist"; sourceTree = "<group>"; };
		F958B7E42085B1E000F01327 /* HomeViewController.swift */ = {isa = PBXFileReference; lastKnownFileType = sourcecode.swift; path = HomeViewController.swift; sourceTree = "<group>"; };
/* End PBXFileReference section */

/* Begin PBXFrameworksBuildPhase section */
		F917123A20859F0000304910 /* Frameworks */ = {
			isa = PBXFrameworksBuildPhase;
			buildActionMask = 2147483647;
			files = (
				527CC99B17213BBDBD6F94FA /* Pods_Triply.framework in Frameworks */,
			);
			runOnlyForDeploymentPostprocessing = 0;
		};
/* End PBXFrameworksBuildPhase section */

/* Begin PBXGroup section */
		13745B5ABEBED4D692A2FC59 /* Pods */ = {
			isa = PBXGroup;
			children = (
				2575BFB6CD5253304D4B242C /* Pods-Triply.debug.xcconfig */,
				6230C5829E2D1A11926A4371 /* Pods-Triply.release.xcconfig */,
			);
			name = Pods;
			sourceTree = "<group>";
		};
		6CD32956C0F864C19B286371 /* Frameworks */ = {
			isa = PBXGroup;
			children = (
				032C1BF3A06C3ED0BDE4237C /* Pods_Triply.framework */,
			);
			name = Frameworks;
			sourceTree = "<group>";
		};
		F917123420859F0000304910 = {
			isa = PBXGroup;
			children = (
				F917123F20859F0000304910 /* Triply */,
				F917123E20859F0000304910 /* Products */,
				13745B5ABEBED4D692A2FC59 /* Pods */,
				6CD32956C0F864C19B286371 /* Frameworks */,
			);
			sourceTree = "<group>";
		};
		F917123E20859F0000304910 /* Products */ = {
			isa = PBXGroup;
			children = (
				F917123D20859F0000304910 /* Triply.app */,
			);
			name = Products;
			sourceTree = "<group>";
		};
		F917123F20859F0000304910 /* Triply */ = {
			isa = PBXGroup;
			children = (
				F917124020859F0000304910 /* AppDelegate.swift */,
				F917124220859F0000304910 /* ViewController.swift */,
				F958B7E42085B1E000F01327 /* HomeViewController.swift */,
				F917124420859F0000304910 /* Main.storyboard */,
				F917124A20859F0200304910 /* Assets.xcassets */,
				F917124C20859F0200304910 /* LaunchScreen.storyboard */,
				F917124F20859F0200304910 /* Info.plist */,
				F917124720859F0000304910 /* Triply.xcdatamodeld */,
				F91712552085A1CF00304910 /* GoogleService-Info.plist */,
			);
			path = Triply;
			sourceTree = "<group>";
		};
/* End PBXGroup section */

/* Begin PBXNativeTarget section */
		F917123C20859F0000304910 /* Triply */ = {
			isa = PBXNativeTarget;
			buildConfigurationList = F917125220859F0200304910 /* Build configuration list for PBXNativeTarget "Triply" */;
			buildPhases = (
				46D1335D1224EC805BCC5B04 /* [CP] Check Pods Manifest.lock */,
				F917123920859F0000304910 /* Sources */,
				F917123A20859F0000304910 /* Frameworks */,
				F917123B20859F0000304910 /* Resources */,
				C9D54C63F2F4218C4555CE16 /* [CP] Embed Pods Frameworks */,
			);
			buildRules = (
			);
			dependencies = (
			);
			name = Triply;
			productName = Triply;
			productReference = F917123D20859F0000304910 /* Triply.app */;
			productType = "com.apple.product-type.application";
		};
/* End PBXNativeTarget section */

/* Begin PBXProject section */
		F917123520859F0000304910 /* Project object */ = {
			isa = PBXProject;
			attributes = {
				LastSwiftUpdateCheck = 0930;
				LastUpgradeCheck = 0930;
				ORGANIZATIONNAME = "Nikunj Singh";
				TargetAttributes = {
					F917123C20859F0000304910 = {
						CreatedOnToolsVersion = 9.3;
					};
				};
			};
			buildConfigurationList = F917123820859F0000304910 /* Build configuration list for PBXProject "Triply" */;
			compatibilityVersion = "Xcode 9.3";
			developmentRegion = en;
			hasScannedForEncodings = 0;
			knownRegions = (
				en,
				Base,
			);
			mainGroup = F917123420859F0000304910;
			productRefGroup = F917123E20859F0000304910 /* Products */;
			projectDirPath = "";
			projectRoot = "";
			targets = (
				F917123C20859F0000304910 /* Triply */,
			);
		};
/* End PBXProject section */

/* Begin PBXResourcesBuildPhase section */
		F917123B20859F0000304910 /* Resources */ = {
			isa = PBXResourcesBuildPhase;
			buildActionMask = 2147483647;
			files = (
				F917124E20859F0200304910 /* LaunchScreen.storyboard in Resources */,
				F91712562085A1D000304910 /* GoogleService-Info.plist in Resources */,
				F917124B20859F0200304910 /* Assets.xcassets in Resources */,
				F917124620859F0000304910 /* Main.storyboard in Resources */,
			);
			runOnlyForDeploymentPostprocessing = 0;
		};
/* End PBXResourcesBuildPhase section */

/* Begin PBXShellScriptBuildPhase section */
		46D1335D1224EC805BCC5B04 /* [CP] Check Pods Manifest.lock */ = {
			isa = PBXShellScriptBuildPhase;
			buildActionMask = 2147483647;
			files = (
			);
			inputPaths = (
				"${PODS_PODFILE_DIR_PATH}/Podfile.lock",
				"${PODS_ROOT}/Manifest.lock",
			);
			name = "[CP] Check Pods Manifest.lock";
			outputPaths = (
				"$(DERIVED_FILE_DIR)/Pods-Triply-checkManifestLockResult.txt",
			);
			runOnlyForDeploymentPostprocessing = 0;
			shellPath = /bin/sh;
			shellScript = "diff \"${PODS_PODFILE_DIR_PATH}/Podfile.lock\" \"${PODS_ROOT}/Manifest.lock\" > /dev/null\nif [ $? != 0 ] ; then\n    # print error to STDERR\n    echo \"error: The sandbox is not in sync with the Podfile.lock. Run 'pod install' or update your CocoaPods installation.\" >&2\n    exit 1\nfi\n# This output is used by Xcode 'outputs' to avoid re-running this script phase.\necho \"SUCCESS\" > \"${SCRIPT_OUTPUT_FILE_0}\"\n";
			showEnvVarsInLog = 0;
		};
		C9D54C63F2F4218C4555CE16 /* [CP] Embed Pods Frameworks */ = {
			isa = PBXShellScriptBuildPhase;
			buildActionMask = 2147483647;
			files = (
			);
			inputPaths = (
				"${SRCROOT}/Pods/Target Support Files/Pods-Triply/Pods-Triply-frameworks.sh",
				"${BUILT_PRODUCTS_DIR}/GTMSessionFetcher/GTMSessionFetcher.framework",
				"${BUILT_PRODUCTS_DIR}/GoogleToolboxForMac/GoogleToolboxForMac.framework",
				"${BUILT_PRODUCTS_DIR}/nanopb/nanopb.framework",
			);
			name = "[CP] Embed Pods Frameworks";
			outputPaths = (
				"${TARGET_BUILD_DIR}/${FRAMEWORKS_FOLDER_PATH}/GTMSessionFetcher.framework",
				"${TARGET_BUILD_DIR}/${FRAMEWORKS_FOLDER_PATH}/GoogleToolboxForMac.framework",
				"${TARGET_BUILD_DIR}/${FRAMEWORKS_FOLDER_PATH}/nanopb.framework",
			);
			runOnlyForDeploymentPostprocessing = 0;
			shellPath = /bin/sh;
			shellScript = "\"${SRCROOT}/Pods/Target Support Files/Pods-Triply/Pods-Triply-frameworks.sh\"\n";
			showEnvVarsInLog = 0;
		};
/* End PBXShellScriptBuildPhase section */

/* Begin PBXSourcesBuildPhase section */
		F917123920859F0000304910 /* Sources */ = {
			isa = PBXSourcesBuildPhase;
			buildActionMask = 2147483647;
			files = (
				F917124920859F0000304910 /* Triply.xcdatamodeld in Sources */,
				F917124320859F0000304910 /* ViewController.swift in Sources */,
				F917124120859F0000304910 /* AppDelegate.swift in Sources */,
				F958B7E52085B1E000F01327 /* HomeViewController.swift in Sources */,
			);
			runOnlyForDeploymentPostprocessing = 0;
		};
/* End PBXSourcesBuildPhase section */

/* Begin PBXVariantGroup section */
		F917124420859F0000304910 /* Main.storyboard */ = {
			isa = PBXVariantGroup;
			children = (
				F917124520859F0000304910 /* Base */,
			);
			name = Main.storyboard;
			sourceTree = "<group>";
		};
		F917124C20859F0200304910 /* LaunchScreen.storyboard */ = {
			isa = PBXVariantGroup;
			children = (
				F917124D20859F0200304910 /* Base */,
			);
			name = LaunchScreen.storyboard;
			sourceTree = "<group>";
		};
/* End PBXVariantGroup section */

/* Begin XCBuildConfiguration section */
		F917125020859F0200304910 /* Debug */ = {
			isa = XCBuildConfiguration;
			buildSettings = {
				ALWAYS_SEARCH_USER_PATHS = NO;
				CLANG_ANALYZER_NONNULL = YES;
				CLANG_ANALYZER_NUMBER_OBJECT_CONVERSION = YES_AGGRESSIVE;
				CLANG_CXX_LANGUAGE_STANDARD = "gnu++14";
				CLANG_CXX_LIBRARY = "libc++";
				CLANG_ENABLE_MODULES = YES;
				CLANG_ENABLE_OBJC_ARC = YES;
				CLANG_ENABLE_OBJC_WEAK = YES;
				CLANG_WARN_BLOCK_CAPTURE_AUTORELEASING = YES;
				CLANG_WARN_BOOL_CONVERSION = YES;
				CLANG_WARN_COMMA = YES;
				CLANG_WARN_CONSTANT_CONVERSION = YES;
				CLANG_WARN_DEPRECATED_OBJC_IMPLEMENTATIONS = YES;
				CLANG_WARN_DIRECT_OBJC_ISA_USAGE = YES_ERROR;
				CLANG_WARN_DOCUMENTATION_COMMENTS = YES;
				CLANG_WARN_EMPTY_BODY = YES;
				CLANG_WARN_ENUM_CONVERSION = YES;
				CLANG_WARN_INFINITE_RECURSION = YES;
				CLANG_WARN_INT_CONVERSION = YES;
				CLANG_WARN_NON_LITERAL_NULL_CONVERSION = YES;
				CLANG_WARN_OBJC_IMPLICIT_RETAIN_SELF = YES;
				CLANG_WARN_OBJC_LITERAL_CONVERSION = YES;
				CLANG_WARN_OBJC_ROOT_CLASS = YES_ERROR;
				CLANG_WARN_RANGE_LOOP_ANALYSIS = YES;
				CLANG_WARN_STRICT_PROTOTYPES = YES;
				CLANG_WARN_SUSPICIOUS_MOVE = YES;
				CLANG_WARN_UNGUARDED_AVAILABILITY = YES_AGGRESSIVE;
				CLANG_WARN_UNREACHABLE_CODE = YES;
				CLANG_WARN__DUPLICATE_METHOD_MATCH = YES;
				CODE_SIGN_IDENTITY = "iPhone Developer";
				COPY_PHASE_STRIP = NO;
				DEBUG_INFORMATION_FORMAT = dwarf;
				ENABLE_STRICT_OBJC_MSGSEND = YES;
				ENABLE_TESTABILITY = YES;
				GCC_C_LANGUAGE_STANDARD = gnu11;
				GCC_DYNAMIC_NO_PIC = NO;
				GCC_NO_COMMON_BLOCKS = YES;
				GCC_OPTIMIZATION_LEVEL = 0;
				GCC_PREPROCESSOR_DEFINITIONS = (
					"DEBUG=1",
					"$(inherited)",
				);
				GCC_WARN_64_TO_32_BIT_CONVERSION = YES;
				GCC_WARN_ABOUT_RETURN_TYPE = YES_ERROR;
				GCC_WARN_UNDECLARED_SELECTOR = YES;
				GCC_WARN_UNINITIALIZED_AUTOS = YES_AGGRESSIVE;
				GCC_WARN_UNUSED_FUNCTION = YES;
				GCC_WARN_UNUSED_VARIABLE = YES;
				IPHONEOS_DEPLOYMENT_TARGET = 11.3;
				MTL_ENABLE_DEBUG_INFO = YES;
				ONLY_ACTIVE_ARCH = YES;
				SDKROOT = iphoneos;
				SWIFT_ACTIVE_COMPILATION_CONDITIONS = DEBUG;
				SWIFT_OPTIMIZATION_LEVEL = "-Onone";
			};
			name = Debug;
		};
		F917125120859F0200304910 /* Release */ = {
			isa = XCBuildConfiguration;
			buildSettings = {
				ALWAYS_SEARCH_USER_PATHS = NO;
				CLANG_ANALYZER_NONNULL = YES;
				CLANG_ANALYZER_NUMBER_OBJECT_CONVERSION = YES_AGGRESSIVE;
				CLANG_CXX_LANGUAGE_STANDARD = "gnu++14";
				CLANG_CXX_LIBRARY = "libc++";
				CLANG_ENABLE_MODULES = YES;
				CLANG_ENABLE_OBJC_ARC = YES;
				CLANG_ENABLE_OBJC_WEAK = YES;
				CLANG_WARN_BLOCK_CAPTURE_AUTORELEASING = YES;
				CLANG_WARN_BOOL_CONVERSION = YES;
				CLANG_WARN_COMMA = YES;
				CLANG_WARN_CONSTANT_CONVERSION = YES;
				CLANG_WARN_DEPRECATED_OBJC_IMPLEMENTATIONS = YES;
				CLANG_WARN_DIRECT_OBJC_ISA_USAGE = YES_ERROR;
				CLANG_WARN_DOCUMENTATION_COMMENTS = YES;
				CLANG_WARN_EMPTY_BODY = YES;
				CLANG_WARN_ENUM_CONVERSION = YES;
				CLANG_WARN_INFINITE_RECURSION = YES;
				CLANG_WARN_INT_CONVERSION = YES;
				CLANG_WARN_NON_LITERAL_NULL_CONVERSION = YES;
				CLANG_WARN_OBJC_IMPLICIT_RETAIN_SELF = YES;
				CLANG_WARN_OBJC_LITERAL_CONVERSION = YES;
				CLANG_WARN_OBJC_ROOT_CLASS = YES_ERROR;
				CLANG_WARN_RANGE_LOOP_ANALYSIS = YES;
				CLANG_WARN_STRICT_PROTOTYPES = YES;
				CLANG_WARN_SUSPICIOUS_MOVE = YES;
				CLANG_WARN_UNGUARDED_AVAILABILITY = YES_AGGRESSIVE;
				CLANG_WARN_UNREACHABLE_CODE = YES;
				CLANG_WARN__DUPLICATE_METHOD_MATCH = YES;
				CODE_SIGN_IDENTITY = "iPhone Developer";
				COPY_PHASE_STRIP = NO;
				DEBUG_INFORMATION_FORMAT = "dwarf-with-dsym";
				ENABLE_NS_ASSERTIONS = NO;
				ENABLE_STRICT_OBJC_MSGSEND = YES;
				GCC_C_LANGUAGE_STANDARD = gnu11;
				GCC_NO_COMMON_BLOCKS = YES;
				GCC_WARN_64_TO_32_BIT_CONVERSION = YES;
				GCC_WARN_ABOUT_RETURN_TYPE = YES_ERROR;
				GCC_WARN_UNDECLARED_SELECTOR = YES;
				GCC_WARN_UNINITIALIZED_AUTOS = YES_AGGRESSIVE;
				GCC_WARN_UNUSED_FUNCTION = YES;
				GCC_WARN_UNUSED_VARIABLE = YES;
				IPHONEOS_DEPLOYMENT_TARGET = 11.3;
				MTL_ENABLE_DEBUG_INFO = NO;
				SDKROOT = iphoneos;
				SWIFT_COMPILATION_MODE = wholemodule;
				SWIFT_OPTIMIZATION_LEVEL = "-O";
				VALIDATE_PRODUCT = YES;
			};
			name = Release;
		};
		F917125320859F0200304910 /* Debug */ = {
			isa = XCBuildConfiguration;
			baseConfigurationReference = 2575BFB6CD5253304D4B242C /* Pods-Triply.debug.xcconfig */;
			buildSettings = {
				ASSETCATALOG_COMPILER_APPICON_NAME = AppIcon;
				CODE_SIGN_STYLE = Automatic;
				DEVELOPMENT_TEAM = BKK826C3C8;
				INFOPLIST_FILE = Triply/Info.plist;
				LD_RUNPATH_SEARCH_PATHS = (
					"$(inherited)",
					"@executable_path/Frameworks",
				);
				PRODUCT_BUNDLE_IDENTIFIER = nikunj.Triply;
				PRODUCT_NAME = "$(TARGET_NAME)";
				SWIFT_VERSION = 4.0;
				TARGETED_DEVICE_FAMILY = "1,2";
			};
			name = Debug;
		};
		F917125420859F0200304910 /* Release */ = {
			isa = XCBuildConfiguration;
			baseConfigurationReference = 6230C5829E2D1A11926A4371 /* Pods-Triply.release.xcconfig */;
			buildSettings = {
				ASSETCATALOG_COMPILER_APPICON_NAME = AppIcon;
				CODE_SIGN_STYLE = Automatic;
				DEVELOPMENT_TEAM = BKK826C3C8;
				INFOPLIST_FILE = Triply/Info.plist;
				LD_RUNPATH_SEARCH_PATHS = (
					"$(inherited)",
					"@executable_path/Frameworks",
				);
				PRODUCT_BUNDLE_IDENTIFIER = nikunj.Triply;
				PRODUCT_NAME = "$(TARGET_NAME)";
				SWIFT_VERSION = 4.0;
				TARGETED_DEVICE_FAMILY = "1,2";
			};
			name = Release;
		};
/* End XCBuildConfiguration section */

/* Begin XCConfigurationList section */
		F917123820859F0000304910 /* Build configuration list for PBXProject "Triply" */ = {
			isa = XCConfigurationList;
			buildConfigurations = (
				F917125020859F0200304910 /* Debug */,
				F917125120859F0200304910 /* Release */,
			);
			defaultConfigurationIsVisible = 0;
			defaultConfigurationName = Release;
		};
		F917125220859F0200304910 /* Build configuration list for PBXNativeTarget "Triply" */ = {
			isa = XCConfigurationList;
			buildConfigurations = (
				F917125320859F0200304910 /* Debug */,
				F917125420859F0200304910 /* Release */,
			);
			defaultConfigurationIsVisible = 0;
			defaultConfigurationName = Release;
		};
/* End XCConfigurationList section */

/* Begin XCVersionGroup section */
		F917124720859F0000304910 /* Triply.xcdatamodeld */ = {
			isa = XCVersionGroup;
			children = (
				F917124820859F0000304910 /* Triply.xcdatamodel */,
			);
			currentVersion = F917124820859F0000304910 /* Triply.xcdatamodel */;
			path = Triply.xcdatamodeld;
			sourceTree = "<group>";
			versionGroupType = wrapper.xcdatamodel;
		};
/* End XCVersionGroup section */
	};
	rootObject = F917123520859F0000304910 /* Project object */;
}
